{
  "name": "playground-app",
  "version": "1.0.0",
  "lockfileVersion": 3,
  "requires": true,
  "packages": {
    "": {
      "name": "playground-app",
      "version": "1.0.0",
      "dependencies": {
        "stacksync": "file:.."
      }
    },
    "..": {
      "version": "0.1.1",
      "license": "MIT",
      "dependencies": {
        "chalk": "^5.3.0",
        "commander": "^11.0.0",
        "cosmiconfig": "^9.0.0",
        "fast-glob": "^3.3.2",
        "fs-extra": "^11.2.0",
        "lucide-static": "^0.555.0",
        "ora": "^7.0.1"
      },
      "bin": {
        "stacksync": "dist/cli.js"
      },
      "devDependencies": {
        "@types/fs-extra": "^11.0.4",
        "@types/node": "^24.10.1",
        "simple-icons": "^15.22.0",
        "tsup": "^8.0.1",
        "typescript": "^5.6.3"
      }
    },
    "node_modules/stacksync": {
      "resolved": "..",
      "link": true
    }
  }
}
